PODS:
  - BlocksKit/DynamicDelegate (2.2.2)
  - Expecta (0.3.0)
  - OCHamcrest (3.0.1)
  - OCMockito (1.2.0):
    - OCHamcrest (~> 3.0)
  - Specta (0.2.1)

DEPENDENCIES:
  - BlocksKit/DynamicDelegate
  - Expecta
  - OCMockito
  - Specta

SPEC CHECKSUMS:
  BlocksKit: 125e4e69a62e3b85bacc5175737dae000b00b9fb
  Expecta: 322f1dc42610106a5ba9871b4924cf1635d80833
  OCHamcrest: 782c52ae8c673e5d6060a65005cfd26d20d519ba
  OCMockito: 050fca9528760faa8b5fafc82faad9d54f0864c0
  Specta: 2d06220591110c6d9757d8be8ecf8e63aa40dc2a

COCOAPODS: 0.31.1
