<?xml version="1.0" encoding="UTF-8"?>
<!DOCTYPE plist PUBLIC "-//Apple//DTD PLIST 1.0//EN" "http://www.apple.com/DTDs/PropertyList-1.0.dtd">
<plist version="1.0">
<dict>
	<key>archiveVersion</key>
	<string>1</string>
	<key>classes</key>
	<dict/>
	<key>objectVersion</key>
	<string>46</string>
	<key>objects</key>
	<dict>
		<key>1642E92208EC482BA7E8D709</key>
		<dict>
			<key>fileRef</key>
			<string>8158A801EEB946FBB6E07D8B</string>
			<key>isa</key>
			<string>PBXBuildFile</string>
		</dict>
		<key>1F0969A822004F25A8D2CE38</key>
		<dict>
			<key>includeInIndex</key>
			<string>1</string>
			<key>isa</key>
			<string>PBXFileReference</string>
			<key>lastKnownFileType</key>
			<string>text.xcconfig</string>
			<key>name</key>
			<string>Pods.xcconfig</string>
			<key>path</key>
			<string>Pods/Pods.xcconfig</string>
			<key>sourceTree</key>
			<string>&lt;group&gt;</string>
		</dict>
		<key>2096BF558CD04AB4BC8DA7E8</key>
		<dict>
			<key>buildActionMask</key>
			<string>2147483647</string>
			<key>files</key>
			<array/>
			<key>inputPaths</key>
			<array/>
			<key>isa</key>
			<string>PBXShellScriptBuildPhase</string>
			<key>name</key>
			<string>Check Pods Manifest.lock</string>
			<key>outputPaths</key>
			<array/>
			<key>runOnlyForDeploymentPostprocessing</key>
			<string>0</string>
			<key>shellPath</key>
			<string>/bin/sh</string>
			<key>shellScript</key>
			<string>diff "${PODS_ROOT}/../Podfile.lock" "${PODS_ROOT}/Manifest.lock" &gt; /dev/null
if [[ $? != 0 ]] ; then
    cat &lt;&lt; EOM
error: The sandbox is not in sync with the Podfile.lock. Run 'pod install' or update your CocoaPods installation.
EOM
    exit 1
fi
</string>
			<key>showEnvVarsInLog</key>
			<string>0</string>
		</dict>
		<key>59684AC115F9DF500063CF5E</key>
		<dict>
			<key>children</key>
			<array>
				<string>59ED696F1616F891009C400B</string>
				<string>59684AD515F9DF500063CF5E</string>
				<string>59684AE715F9DF500063CF5E</string>
				<string>59684ACE15F9DF500063CF5E</string>
				<string>59684ACD15F9DF500063CF5E</string>
				<string>1F0969A822004F25A8D2CE38</string>
				<string>AAFEEF434CC3431880CBDC9F</string>
			</array>
			<key>isa</key>
			<string>PBXGroup</string>
			<key>sourceTree</key>
			<string>&lt;group&gt;</string>
		</dict>
		<key>59684AC315F9DF500063CF5E</key>
		<dict>
			<key>attributes</key>
			<dict>
				<key>LastUpgradeCheck</key>
				<string>0500</string>
				<key>ORGANIZATIONNAME</key>
				<string>buenocode</string>
			</dict>
			<key>buildConfigurationList</key>
			<string>59684AC615F9DF500063CF5E</string>
			<key>compatibilityVersion</key>
			<string>Xcode 3.2</string>
			<key>developmentRegion</key>
			<string>English</string>
			<key>hasScannedForEncodings</key>
			<string>0</string>
			<key>isa</key>
			<string>PBXProject</string>
			<key>knownRegions</key>
			<array>
				<string>en</string>
			</array>
			<key>mainGroup</key>
			<string>59684AC115F9DF500063CF5E</string>
			<key>productRefGroup</key>
			<string>59684ACD15F9DF500063CF5E</string>
			<key>projectDirPath</key>
			<string></string>
			<key>projectReferences</key>
			<array/>
			<key>projectRoot</key>
			<string></string>
			<key>targets</key>
			<array>
				<string>59684ACB15F9DF500063CF5E</string>
				<string>59684ADF15F9DF500063CF5E</string>
			</array>
		</dict>
		<key>59684AC615F9DF500063CF5E</key>
		<dict>
			<key>buildConfigurations</key>
			<array>
				<string>59684AF015F9DF500063CF5E</string>
				<string>59684AF115F9DF500063CF5E</string>
			</array>
			<key>defaultConfigurationIsVisible</key>
			<string>0</string>
			<key>defaultConfigurationName</key>
			<string>Release</string>
			<key>isa</key>
			<string>XCConfigurationList</string>
		</dict>
		<key>59684AC815F9DF500063CF5E</key>
		<dict>
			<key>buildActionMask</key>
			<string>2147483647</string>
			<key>files</key>
			<array>
				<string>59684ADA15F9DF500063CF5E</string>
			</array>
			<key>isa</key>
			<string>PBXSourcesBuildPhase</string>
			<key>runOnlyForDeploymentPostprocessing</key>
			<string>0</string>
		</dict>
		<key>59684AC915F9DF500063CF5E</key>
		<dict>
			<key>buildActionMask</key>
			<string>2147483647</string>
			<key>files</key>
			<array>
				<string>59684AD015F9DF500063CF5E</string>
				<string>CB4919C50D22474F8B4346B1</string>
				<string>FB5D906E45924963A531E352</string>
			</array>
			<key>isa</key>
			<string>PBXFrameworksBuildPhase</string>
			<key>runOnlyForDeploymentPostprocessing</key>
			<string>0</string>
		</dict>
		<key>59684ACA15F9DF500063CF5E</key>
		<dict>
			<key>buildActionMask</key>
			<string>2147483647</string>
			<key>files</key>
			<array/>
			<key>isa</key>
			<string>PBXHeadersBuildPhase</string>
			<key>runOnlyForDeploymentPostprocessing</key>
			<string>0</string>
		</dict>
		<key>59684ACB15F9DF500063CF5E</key>
		<dict>
			<key>buildConfigurationList</key>
			<string>59684AF215F9DF500063CF5E</string>
			<key>buildPhases</key>
			<array>
				<string>2096BF558CD04AB4BC8DA7E8</string>
				<string>59684AC815F9DF500063CF5E</string>
				<string>59684AC915F9DF500063CF5E</string>
				<string>59684ACA15F9DF500063CF5E</string>
				<string>84489DD248C345E0925F09E4</string>
			</array>
			<key>buildRules</key>
			<array/>
			<key>dependencies</key>
			<array/>
			<key>isa</key>
			<string>PBXNativeTarget</string>
			<key>name</key>
			<string>EventEmitter</string>
			<key>productName</key>
			<string>EventEmitter</string>
			<key>productReference</key>
			<string>59684ACC15F9DF500063CF5E</string>
			<key>productType</key>
			<string>com.apple.product-type.library.dynamic</string>
		</dict>
		<key>59684ACC15F9DF500063CF5E</key>
		<dict>
			<key>explicitFileType</key>
			<string>compiled.mach-o.dylib</string>
			<key>includeInIndex</key>
			<string>0</string>
			<key>isa</key>
			<string>PBXFileReference</string>
			<key>path</key>
			<string>EventEmitter.dylib</string>
			<key>sourceTree</key>
			<string>BUILT_PRODUCTS_DIR</string>
		</dict>
		<key>59684ACD15F9DF500063CF5E</key>
		<dict>
			<key>children</key>
			<array>
				<string>59684ACC15F9DF500063CF5E</string>
				<string>59684AE015F9DF500063CF5E</string>
			</array>
			<key>isa</key>
			<string>PBXGroup</string>
			<key>name</key>
			<string>Products</string>
			<key>sourceTree</key>
			<string>&lt;group&gt;</string>
		</dict>
		<key>59684ACE15F9DF500063CF5E</key>
		<dict>
			<key>children</key>
			<array>
				<string>64634FCA189D508900B2901F</string>
				<string>59684ACF15F9DF500063CF5E</string>
				<string>59684AD115F9DF500063CF5E</string>
				<string>D5B6A8F661D74DED8997F8F8</string>
				<string>8158A801EEB946FBB6E07D8B</string>
			</array>
			<key>isa</key>
			<string>PBXGroup</string>
			<key>name</key>
			<string>Frameworks</string>
			<key>sourceTree</key>
			<string>&lt;group&gt;</string>
		</dict>
		<key>59684ACF15F9DF500063CF5E</key>
		<dict>
			<key>isa</key>
			<string>PBXFileReference</string>
			<key>lastKnownFileType</key>
			<string>wrapper.framework</string>
			<key>name</key>
			<string>Cocoa.framework</string>
			<key>path</key>
			<string>System/Library/Frameworks/Cocoa.framework</string>
			<key>sourceTree</key>
			<string>SDKROOT</string>
		</dict>
		<key>59684AD015F9DF500063CF5E</key>
		<dict>
			<key>fileRef</key>
			<string>59684ACF15F9DF500063CF5E</string>
			<key>isa</key>
			<string>PBXBuildFile</string>
		</dict>
		<key>59684AD115F9DF500063CF5E</key>
		<dict>
			<key>children</key>
			<array>
				<string>59684AD215F9DF500063CF5E</string>
				<string>59684AD315F9DF500063CF5E</string>
				<string>59684AD415F9DF500063CF5E</string>
			</array>
			<key>isa</key>
			<string>PBXGroup</string>
			<key>name</key>
			<string>Other Frameworks</string>
			<key>sourceTree</key>
			<string>&lt;group&gt;</string>
		</dict>
		<key>59684AD215F9DF500063CF5E</key>
		<dict>
			<key>isa</key>
			<string>PBXFileReference</string>
			<key>lastKnownFileType</key>
			<string>wrapper.framework</string>
			<key>name</key>
			<string>AppKit.framework</string>
			<key>path</key>
			<string>System/Library/Frameworks/AppKit.framework</string>
			<key>sourceTree</key>
			<string>SDKROOT</string>
		</dict>
		<key>59684AD315F9DF500063CF5E</key>
		<dict>
			<key>isa</key>
			<string>PBXFileReference</string>
			<key>lastKnownFileType</key>
			<string>wrapper.framework</string>
			<key>name</key>
			<string>CoreData.framework</string>
			<key>path</key>
			<string>System/Library/Frameworks/CoreData.framework</string>
			<key>sourceTree</key>
			<string>SDKROOT</string>
		</dict>
		<key>59684AD415F9DF500063CF5E</key>
		<dict>
			<key>isa</key>
			<string>PBXFileReference</string>
			<key>lastKnownFileType</key>
			<string>wrapper.framework</string>
			<key>name</key>
			<string>Foundation.framework</string>
			<key>path</key>
			<string>System/Library/Frameworks/Foundation.framework</string>
			<key>sourceTree</key>
			<string>SDKROOT</string>
		</dict>
		<key>59684AD515F9DF500063CF5E</key>
		<dict>
			<key>children</key>
			<array>
				<string>59684AD815F9DF500063CF5E</string>
				<string>59684AD915F9DF500063CF5E</string>
			</array>
			<key>isa</key>
			<string>PBXGroup</string>
			<key>path</key>
			<string>EventEmitter</string>
			<key>sourceTree</key>
			<string>&lt;group&gt;</string>
		</dict>
		<key>59684AD815F9DF500063CF5E</key>
		<dict>
			<key>isa</key>
			<string>PBXFileReference</string>
			<key>lastKnownFileType</key>
			<string>sourcecode.c.h</string>
			<key>path</key>
			<string>EventEmitter.h</string>
			<key>sourceTree</key>
			<string>&lt;group&gt;</string>
		</dict>
		<key>59684AD915F9DF500063CF5E</key>
		<dict>
			<key>isa</key>
			<string>PBXFileReference</string>
			<key>lastKnownFileType</key>
			<string>sourcecode.c.objc</string>
			<key>path</key>
			<string>EventEmitter.m</string>
			<key>sourceTree</key>
			<string>&lt;group&gt;</string>
		</dict>
		<key>59684ADA15F9DF500063CF5E</key>
		<dict>
			<key>fileRef</key>
			<string>59684AD915F9DF500063CF5E</string>
			<key>isa</key>
			<string>PBXBuildFile</string>
		</dict>
		<key>59684ADB15F9DF500063CF5E</key>
		<dict>
			<key>buildActionMask</key>
			<string>2147483647</string>
			<key>files</key>
			<array>
				<string>59684AEF15F9DF500063CF5E</string>
			</array>
			<key>isa</key>
			<string>PBXSourcesBuildPhase</string>
			<key>runOnlyForDeploymentPostprocessing</key>
			<string>0</string>
		</dict>
		<key>59684ADC15F9DF500063CF5E</key>
		<dict>
			<key>buildActionMask</key>
			<string>2147483647</string>
			<key>files</key>
			<array>
				<string>64634FCB189D508900B2901F</string>
				<string>59684AE315F9DF500063CF5E</string>
				<string>59684AE615F9DF500063CF5E</string>
				<string>1642E92208EC482BA7E8D709</string>
			</array>
			<key>isa</key>
			<string>PBXFrameworksBuildPhase</string>
			<key>runOnlyForDeploymentPostprocessing</key>
			<string>0</string>
		</dict>
		<key>59684ADD15F9DF500063CF5E</key>
		<dict>
			<key>buildActionMask</key>
			<string>2147483647</string>
			<key>files</key>
			<array>
				<string>59ED69701616F891009C400B</string>
			</array>
			<key>isa</key>
			<string>PBXResourcesBuildPhase</string>
			<key>runOnlyForDeploymentPostprocessing</key>
			<string>0</string>
		</dict>
		<key>59684ADF15F9DF500063CF5E</key>
		<dict>
			<key>buildConfigurationList</key>
			<string>59684AF515F9DF500063CF5E</string>
			<key>buildPhases</key>
			<array>
				<string>E75F4B4C969C4B8DA672FE18</string>
				<string>59684ADB15F9DF500063CF5E</string>
				<string>59684ADC15F9DF500063CF5E</string>
				<string>59684ADD15F9DF500063CF5E</string>
				<string>76F8BF29CC93414BB60F302B</string>
			</array>
			<key>buildRules</key>
			<array/>
			<key>dependencies</key>
			<array>
				<string>59684AE515F9DF500063CF5E</string>
			</array>
			<key>isa</key>
			<string>PBXNativeTarget</string>
			<key>name</key>
			<string>EventEmitterTests</string>
			<key>productName</key>
			<string>EventEmitterTests</string>
			<key>productReference</key>
			<string>59684AE015F9DF500063CF5E</string>
			<key>productType</key>
			<string>com.apple.product-type.bundle</string>
		</dict>
		<key>59684AE015F9DF500063CF5E</key>
		<dict>
			<key>explicitFileType</key>
			<string>wrapper.cfbundle</string>
			<key>includeInIndex</key>
			<string>0</string>
			<key>isa</key>
			<string>PBXFileReference</string>
			<key>path</key>
			<string>EventEmitterTests.xctest</string>
			<key>sourceTree</key>
			<string>BUILT_PRODUCTS_DIR</string>
		</dict>
		<key>59684AE315F9DF500063CF5E</key>
		<dict>
			<key>fileRef</key>
			<string>59684ACF15F9DF500063CF5E</string>
			<key>isa</key>
			<string>PBXBuildFile</string>
		</dict>
		<key>59684AE415F9DF500063CF5E</key>
		<dict>
			<key>containerPortal</key>
			<string>59684AC315F9DF500063CF5E</string>
			<key>isa</key>
			<string>PBXContainerItemProxy</string>
			<key>proxyType</key>
			<string>1</string>
			<key>remoteGlobalIDString</key>
			<string>59684ACB15F9DF500063CF5E</string>
			<key>remoteInfo</key>
			<string>EventEmitter</string>
		</dict>
		<key>59684AE515F9DF500063CF5E</key>
		<dict>
			<key>isa</key>
			<string>PBXTargetDependency</string>
			<key>target</key>
			<string>59684ACB15F9DF500063CF5E</string>
			<key>targetProxy</key>
			<string>59684AE415F9DF500063CF5E</string>
		</dict>
		<key>59684AE615F9DF500063CF5E</key>
		<dict>
			<key>fileRef</key>
			<string>59684ACC15F9DF500063CF5E</string>
			<key>isa</key>
			<string>PBXBuildFile</string>
		</dict>
		<key>59684AE715F9DF500063CF5E</key>
		<dict>
			<key>children</key>
			<array>
				<string>64634FC8189D44D200B2901F</string>
				<string>59684AEE15F9DF500063CF5E</string>
			</array>
			<key>isa</key>
			<string>PBXGroup</string>
			<key>path</key>
			<string>EventEmitterTests</string>
			<key>sourceTree</key>
			<string>&lt;group&gt;</string>
		</dict>
		<key>59684AEE15F9DF500063CF5E</key>
		<dict>
			<key>isa</key>
			<string>PBXFileReference</string>
			<key>lastKnownFileType</key>
			<string>sourcecode.c.objc</string>
			<key>path</key>
			<string>EventEmitterTests.m</string>
			<key>sourceTree</key>
			<string>&lt;group&gt;</string>
		</dict>
		<key>59684AEF15F9DF500063CF5E</key>
		<dict>
			<key>fileRef</key>
			<string>59684AEE15F9DF500063CF5E</string>
			<key>isa</key>
			<string>PBXBuildFile</string>
		</dict>
		<key>59684AF015F9DF500063CF5E</key>
		<dict>
			<key>buildSettings</key>
			<dict>
				<key>ALWAYS_SEARCH_USER_PATHS</key>
				<string>NO</string>
				<key>CLANG_CXX_LANGUAGE_STANDARD</key>
				<string>gnu++0x</string>
				<key>CLANG_CXX_LIBRARY</key>
				<string>libc++</string>
				<key>CLANG_ENABLE_OBJC_ARC</key>
				<string>YES</string>
				<key>CLANG_WARN__DUPLICATE_METHOD_MATCH</key>
				<string>YES</string>
				<key>COPY_PHASE_STRIP</key>
				<string>NO</string>
				<key>GCC_C_LANGUAGE_STANDARD</key>
				<string>gnu99</string>
				<key>GCC_DYNAMIC_NO_PIC</key>
				<string>NO</string>
				<key>GCC_ENABLE_OBJC_EXCEPTIONS</key>
				<string>YES</string>
				<key>GCC_OPTIMIZATION_LEVEL</key>
				<string>0</string>
				<key>GCC_PREPROCESSOR_DEFINITIONS</key>
				<array>
					<string>DEBUG=1</string>
					<string>$(inherited)</string>
				</array>
				<key>GCC_SYMBOLS_PRIVATE_EXTERN</key>
				<string>NO</string>
				<key>GCC_WARN_64_TO_32_BIT_CONVERSION</key>
				<string>YES</string>
				<key>GCC_WARN_ABOUT_RETURN_TYPE</key>
				<string>YES</string>
				<key>GCC_WARN_UNINITIALIZED_AUTOS</key>
				<string>YES</string>
				<key>GCC_WARN_UNUSED_VARIABLE</key>
				<string>YES</string>
				<key>MACOSX_DEPLOYMENT_TARGET</key>
				<string>10.8</string>
				<key>ONLY_ACTIVE_ARCH</key>
				<string>YES</string>
				<key>SDKROOT</key>
				<string>macosx</string>
			</dict>
			<key>isa</key>
			<string>XCBuildConfiguration</string>
			<key>name</key>
			<string>Debug</string>
		</dict>
		<key>59684AF115F9DF500063CF5E</key>
		<dict>
			<key>buildSettings</key>
			<dict>
				<key>ALWAYS_SEARCH_USER_PATHS</key>
				<string>NO</string>
				<key>CLANG_CXX_LANGUAGE_STANDARD</key>
				<string>gnu++0x</string>
				<key>CLANG_CXX_LIBRARY</key>
				<string>libc++</string>
				<key>CLANG_ENABLE_OBJC_ARC</key>
				<string>YES</string>
				<key>CLANG_WARN__DUPLICATE_METHOD_MATCH</key>
				<string>YES</string>
				<key>COPY_PHASE_STRIP</key>
				<string>YES</string>
				<key>DEBUG_INFORMATION_FORMAT</key>
				<string>dwarf-with-dsym</string>
				<key>GCC_C_LANGUAGE_STANDARD</key>
				<string>gnu99</string>
				<key>GCC_ENABLE_OBJC_EXCEPTIONS</key>
				<string>YES</string>
				<key>GCC_WARN_64_TO_32_BIT_CONVERSION</key>
				<string>YES</string>
				<key>GCC_WARN_ABOUT_RETURN_TYPE</key>
				<string>YES</string>
				<key>GCC_WARN_UNINITIALIZED_AUTOS</key>
				<string>YES</string>
				<key>GCC_WARN_UNUSED_VARIABLE</key>
				<string>YES</string>
				<key>MACOSX_DEPLOYMENT_TARGET</key>
				<string>10.8</string>
				<key>SDKROOT</key>
				<string>macosx</string>
			</dict>
			<key>isa</key>
			<string>XCBuildConfiguration</string>
			<key>name</key>
			<string>Release</string>
		</dict>
		<key>59684AF215F9DF500063CF5E</key>
		<dict>
			<key>buildConfigurations</key>
			<array>
				<string>59684AF315F9DF500063CF5E</string>
				<string>59684AF415F9DF500063CF5E</string>
			</array>
			<key>defaultConfigurationIsVisible</key>
			<string>0</string>
			<key>defaultConfigurationName</key>
			<string>Release</string>
			<key>isa</key>
			<string>XCConfigurationList</string>
		</dict>
		<key>59684AF315F9DF500063CF5E</key>
		<dict>
			<key>baseConfigurationReference</key>
			<string>AAFEEF434CC3431880CBDC9F</string>
			<key>buildSettings</key>
			<dict>
				<key>COMBINE_HIDPI_IMAGES</key>
				<string>YES</string>
				<key>DYLIB_COMPATIBILITY_VERSION</key>
				<string>1</string>
				<key>DYLIB_CURRENT_VERSION</key>
				<string>1</string>
				<key>PRODUCT_NAME</key>
				<string>$(TARGET_NAME)</string>
			</dict>
			<key>isa</key>
			<string>XCBuildConfiguration</string>
			<key>name</key>
			<string>Debug</string>
		</dict>
		<key>59684AF415F9DF500063CF5E</key>
		<dict>
			<key>baseConfigurationReference</key>
			<string>AAFEEF434CC3431880CBDC9F</string>
			<key>buildSettings</key>
			<dict>
				<key>COMBINE_HIDPI_IMAGES</key>
				<string>YES</string>
				<key>DYLIB_COMPATIBILITY_VERSION</key>
				<string>1</string>
				<key>DYLIB_CURRENT_VERSION</key>
				<string>1</string>
				<key>PRODUCT_NAME</key>
				<string>$(TARGET_NAME)</string>
			</dict>
			<key>isa</key>
			<string>XCBuildConfiguration</string>
			<key>name</key>
			<string>Release</string>
		</dict>
		<key>59684AF515F9DF500063CF5E</key>
		<dict>
			<key>buildConfigurations</key>
			<array>
				<string>59684AF615F9DF500063CF5E</string>
				<string>59684AF715F9DF500063CF5E</string>
			</array>
			<key>defaultConfigurationIsVisible</key>
			<string>0</string>
			<key>defaultConfigurationName</key>
			<string>Release</string>
			<key>isa</key>
			<string>XCConfigurationList</string>
		</dict>
		<key>59684AF615F9DF500063CF5E</key>
		<dict>
			<key>baseConfigurationReference</key>
			<string>AAFEEF434CC3431880CBDC9F</string>
			<key>buildSettings</key>
			<dict>
				<key>COMBINE_HIDPI_IMAGES</key>
				<string>YES</string>
				<key>FRAMEWORK_SEARCH_PATHS</key>
				<string>$(DEVELOPER_LIBRARY_DIR)/Frameworks</string>
				<key>GCC_PRECOMPILE_PREFIX_HEADER</key>
				<string>YES</string>
				<key>GCC_PREFIX_HEADER</key>
				<string>EventEmitterTests/EventEmitter-Prefix.pch</string>
				<key>OTHER_LDFLAGS</key>
				<array>
					<string>-ObjC</string>
					<string>-lffi</string>
					<string>-framework</string>
					<string>Foundation</string>
					<string>-framework</string>
					<string>XCTest</string>
				</array>
				<key>PRODUCT_NAME</key>
				<string>$(TARGET_NAME)</string>
				<key>WRAPPER_EXTENSION</key>
				<string>xctest</string>
			</dict>
			<key>isa</key>
			<string>XCBuildConfiguration</string>
			<key>name</key>
			<string>Debug</string>
		</dict>
		<key>59684AF715F9DF500063CF5E</key>
		<dict>
			<key>baseConfigurationReference</key>
			<string>AAFEEF434CC3431880CBDC9F</string>
			<key>buildSettings</key>
			<dict>
				<key>COMBINE_HIDPI_IMAGES</key>
				<string>YES</string>
				<key>FRAMEWORK_SEARCH_PATHS</key>
				<string>$(DEVELOPER_LIBRARY_DIR)/Frameworks</string>
				<key>GCC_PRECOMPILE_PREFIX_HEADER</key>
				<string>YES</string>
				<key>GCC_PREFIX_HEADER</key>
				<string>EventEmitterTests/EventEmitter-Prefix.pch</string>
				<key>OTHER_LDFLAGS</key>
				<array>
					<string>-ObjC</string>
					<string>-lffi</string>
					<string>-framework</string>
					<string>Foundation</string>
					<string>-framework</string>
					<string>XCTest</string>
				</array>
				<key>PRODUCT_NAME</key>
				<string>$(TARGET_NAME)</string>
				<key>WRAPPER_EXTENSION</key>
				<string>xctest</string>
			</dict>
			<key>isa</key>
			<string>XCBuildConfiguration</string>
			<key>name</key>
			<string>Release</string>
		</dict>
		<key>59ED696F1616F891009C400B</key>
		<dict>
			<key>fileEncoding</key>
			<string>4</string>
			<key>isa</key>
			<string>PBXFileReference</string>
			<key>lastKnownFileType</key>
			<string>text</string>
			<key>path</key>
			<string>README.md</string>
			<key>sourceTree</key>
			<string>&lt;group&gt;</string>
		</dict>
		<key>59ED69701616F891009C400B</key>
		<dict>
			<key>fileRef</key>
			<string>59ED696F1616F891009C400B</string>
			<key>isa</key>
			<string>PBXBuildFile</string>
		</dict>
		<key>64634FC8189D44D200B2901F</key>
		<dict>
			<key>children</key>
			<array>
				<string>64634FC9189D44E700B2901F</string>
			</array>
			<key>isa</key>
			<string>PBXGroup</string>
			<key>name</key>
			<string>Supporting Files</string>
			<key>sourceTree</key>
			<string>&lt;group&gt;</string>
		</dict>
		<key>64634FC9189D44E700B2901F</key>
		<dict>
			<key>isa</key>
			<string>PBXFileReference</string>
			<key>lastKnownFileType</key>
			<string>sourcecode.c.h</string>
			<key>path</key>
			<string>EventEmitter-Prefix.pch</string>
			<key>sourceTree</key>
			<string>&lt;group&gt;</string>
		</dict>
		<key>64634FCA189D508900B2901F</key>
		<dict>
			<key>isa</key>
			<string>PBXFileReference</string>
			<key>lastKnownFileType</key>
			<string>wrapper.framework</string>
			<key>name</key>
			<string>XCTest.framework</string>
			<key>path</key>
			<string>Library/Frameworks/XCTest.framework</string>
			<key>sourceTree</key>
			<string>DEVELOPER_DIR</string>
		</dict>
		<key>64634FCB189D508900B2901F</key>
		<dict>
			<key>fileRef</key>
			<string>64634FCA189D508900B2901F</string>
			<key>isa</key>
			<string>PBXBuildFile</string>
		</dict>
		<key>76F8BF29CC93414BB60F302B</key>
		<dict>
			<key>buildActionMask</key>
			<string>2147483647</string>
			<key>files</key>
			<array/>
			<key>inputPaths</key>
			<array/>
			<key>isa</key>
			<string>PBXShellScriptBuildPhase</string>
			<key>name</key>
			<string>Copy Pods Resources</string>
			<key>outputPaths</key>
			<array/>
			<key>runOnlyForDeploymentPostprocessing</key>
			<string>0</string>
			<key>shellPath</key>
			<string>/bin/sh</string>
			<key>shellScript</key>
			<string>"${SRCROOT}/Pods/Pods-EventEmitterTests-resources.sh"
</string>
			<key>showEnvVarsInLog</key>
			<string>0</string>
		</dict>
		<key>8158A801EEB946FBB6E07D8B</key>
		<dict>
			<key>explicitFileType</key>
			<string>archive.ar</string>
			<key>includeInIndex</key>
			<string>0</string>
			<key>isa</key>
			<string>PBXFileReference</string>
			<key>path</key>
			<string>libPods-EventEmitterTests.a</string>
			<key>sourceTree</key>
			<string>BUILT_PRODUCTS_DIR</string>
		</dict>
		<key>84489DD248C345E0925F09E4</key>
		<dict>
			<key>buildActionMask</key>
			<string>2147483647</string>
			<key>files</key>
			<array/>
			<key>inputPaths</key>
			<array/>
			<key>isa</key>
			<string>PBXShellScriptBuildPhase</string>
			<key>name</key>
			<string>Copy Pods Resources</string>
			<key>outputPaths</key>
			<array/>
			<key>runOnlyForDeploymentPostprocessing</key>
			<string>0</string>
			<key>shellPath</key>
			<string>/bin/sh</string>
			<key>shellScript</key>
			<string>"${SRCROOT}/Pods/Pods-EventEmitterTests-resources.sh"
</string>
			<key>showEnvVarsInLog</key>
			<string>0</string>
		</dict>
		<key>AAFEEF434CC3431880CBDC9F</key>
		<dict>
			<key>includeInIndex</key>
			<string>1</string>
			<key>isa</key>
			<string>PBXFileReference</string>
			<key>lastKnownFileType</key>
			<string>text.xcconfig</string>
			<key>name</key>
			<string>Pods-EventEmitterTests.xcconfig</string>
			<key>path</key>
			<string>Pods/Pods-EventEmitterTests.xcconfig</string>
			<key>sourceTree</key>
			<string>&lt;group&gt;</string>
		</dict>
		<key>CB4919C50D22474F8B4346B1</key>
		<dict>
			<key>fileRef</key>
			<string>D5B6A8F661D74DED8997F8F8</string>
			<key>isa</key>
			<string>PBXBuildFile</string>
		</dict>
		<key>D5B6A8F661D74DED8997F8F8</key>
		<dict>
			<key>explicitFileType</key>
			<string>archive.ar</string>
			<key>includeInIndex</key>
			<string>0</string>
			<key>isa</key>
			<string>PBXFileReference</string>
			<key>path</key>
			<string>libPods.a</string>
			<key>sourceTree</key>
			<string>BUILT_PRODUCTS_DIR</string>
		</dict>
		<key>E75F4B4C969C4B8DA672FE18</key>
		<dict>
			<key>buildActionMask</key>
			<string>2147483647</string>
			<key>files</key>
			<array/>
			<key>inputPaths</key>
			<array/>
			<key>isa</key>
			<string>PBXShellScriptBuildPhase</string>
			<key>name</key>
			<string>Check Pods Manifest.lock</string>
			<key>outputPaths</key>
			<array/>
			<key>runOnlyForDeploymentPostprocessing</key>
			<string>0</string>
			<key>shellPath</key>
			<string>/bin/sh</string>
			<key>shellScript</key>
			<string>diff "${PODS_ROOT}/../Podfile.lock" "${PODS_ROOT}/Manifest.lock" &gt; /dev/null
if [[ $? != 0 ]] ; then
    cat &lt;&lt; EOM
error: The sandbox is not in sync with the Podfile.lock. Run 'pod install' or update your CocoaPods installation.
EOM
    exit 1
fi
</string>
			<key>showEnvVarsInLog</key>
			<string>0</string>
		</dict>
		<key>FB5D906E45924963A531E352</key>
		<dict>
			<key>fileRef</key>
			<string>8158A801EEB946FBB6E07D8B</string>
			<key>isa</key>
			<string>PBXBuildFile</string>
		</dict>
	</dict>
	<key>rootObject</key>
	<string>59684AC315F9DF500063CF5E</string>
</dict>
</plist>
